
Microsoft Visual Studio Solution File, Format Version 12.00
# Visual Studio Version 17
VisualStudioVersion = 17.1.32210.238
MinimumVisualStudioVersion = 10.0.40219.1
Project("{9A19103F-16F7-4668-BE54-9A1E7A4F7556}") = "ComputerGraphic", "ComputerGraphic.csproj", "{D3ACBC03-A3A3-4544-A421-6E17A36C866A}"
EndProject
Global
	GlobalSection(SolutionConfigurationPlatforms) = preSolution
		Debug|Any CPU = Debug|Any CPU
		Release|Any CPU = Release|Any CPU
	EndGlobalSection
	GlobalSection(ProjectConfigurationPlatforms) = postSolution
		{D3ACBC03-A3A3-4544-A421-6E17A36C866A}.Debug|Any CPU.ActiveCfg = Debug|Any CPU
		{D3ACBC03-A3A3-4544-A421-6E17A36C866A}.Debug|Any CPU.Build.0 = Debug|Any CPU
		{D3ACBC03-A3A3-4544-A421-6E17A36C866A}.Release|Any CPU.ActiveCfg = Release|Any CPU
		{D3ACBC03-A3A3-4544-A421-6E17A36C866A}.Release|Any CPU.Build.0 = Release|Any CPU
	EndGlobalSection
	GlobalSection(SolutionProperties) = preSolution
		HideSolutionNode = FALSE
	EndGlobalSection
	GlobalSection(ExtensibilityGlobals) = postSolution
		SolutionGuid = {E8754A33-8339-41D9-92C8-5ABEAE0EF9FB}
	EndGlobalSection
EndGlobal
